// !$*UTF8*$!
{
	archiveVersion = 1;
	classes = {
	};
	objectVersion = 55;
	objects = {

/* Begin PBXBuildFile section */
		B63EFA5F28AD5C190054BBC8 /* AppDelegate.swift in Sources */ = {isa = PBXBuildFile; fileRef = B63EFA5E28AD5C190054BBC8 /* AppDelegate.swift */; };
		B63EFA6128AD5C190054BBC8 /* SceneDelegate.swift in Sources */ = {isa = PBXBuildFile; fileRef = B63EFA6028AD5C190054BBC8 /* SceneDelegate.swift */; };
		B63EFA6328AD5C190054BBC8 /* ViewController.swift in Sources */ = {isa = PBXBuildFile; fileRef = B63EFA6228AD5C190054BBC8 /* ViewController.swift */; };
		B63EFA6628AD5C1A0054BBC8 /* Main.storyboard in Resources */ = {isa = PBXBuildFile; fileRef = B63EFA6428AD5C1A0054BBC8 /* Main.storyboard */; };
		B63EFA6828AD5C1F0054BBC8 /* Assets.xcassets in Resources */ = {isa = PBXBuildFile; fileRef = B63EFA6728AD5C1F0054BBC8 /* Assets.xcassets */; };
		B63EFA6B28AD5C1F0054BBC8 /* LaunchScreen.storyboard in Resources */ = {isa = PBXBuildFile; fileRef = B63EFA6928AD5C1F0054BBC8 /* LaunchScreen.storyboard */; };
		B63EFA7628AD5C1F0054BBC8 /* PreworkTests.swift in Sources */ = {isa = PBXBuildFile; fileRef = B63EFA7528AD5C1F0054BBC8 /* PreworkTests.swift */; };
		B63EFA8028AD5C1F0054BBC8 /* PreworkUITests.swift in Sources */ = {isa = PBXBuildFile; fileRef = B63EFA7F28AD5C1F0054BBC8 /* PreworkUITests.swift */; };
		B63EFA8228AD5C1F0054BBC8 /* PreworkUITestsLaunchTests.swift in Sources */ = {isa = PBXBuildFile; fileRef = B63EFA8128AD5C1F0054BBC8 /* PreworkUITestsLaunchTests.swift */; };
/* End PBXBuildFile section */

/* Begin PBXContainerItemProxy section */
		B63EFA7228AD5C1F0054BBC8 /* PBXContainerItemProxy */ = {
			isa = PBXContainerItemProxy;
			containerPortal = B63EFA5328AD5C190054BBC8 /* Project object */;
			proxyType = 1;
			remoteGlobalIDString = B63EFA5A28AD5C190054BBC8;
			remoteInfo = Prework;
		};
		B63EFA7C28AD5C1F0054BBC8 /* PBXContainerItemProxy */ = {
			isa = PBXContainerItemProxy;
			containerPortal = B63EFA5328AD5C190054BBC8 /* Project object */;
			proxyType = 1;
			remoteGlobalIDString = B63EFA5A28AD5C190054BBC8;
			remoteInfo = Prework;
		};
/* End PBXContainerItemProxy section */

/* Begin PBXFileReference section */
		B63EFA5B28AD5C190054BBC8 /* Prework.app */ = {isa = PBXFileReference; explicitFileType = wrapper.application; includeInIndex = 0; path = Prework.app; sourceTree = BUILT_PRODUCTS_DIR; };
		B63EFA5E28AD5C190054BBC8 /* AppDelegate.swift */ = {isa = PBXFileReference; lastKnownFileType = sourcecode.swift; path = AppDelegate.swift; sourceTree = "<group>"; };
		B63EFA6028AD5C190054BBC8 /* SceneDelegate.swift */ = {isa = PBXFileReference; lastKnownFileType = sourcecode.swift; path = SceneDelegate.swift; sourceTree = "<group>"; };
		B63EFA6228AD5C190054BBC8 /* ViewController.swift */ = {isa = PBXFileReference; lastKnownFileType = sourcecode.swift; path = ViewController.swift; sourceTree = "<group>"; };
		B63EFA6528AD5C1A0054BBC8 /* Base */ = {isa = PBXFileReference; lastKnownFileType = file.storyboard; name = Base; path = Base.lproj/Main.storyboard; sourceTree = "<group>"; };
		B63EFA6728AD5C1F0054BBC8 /* Assets.xcassets */ = {isa = PBXFileReference; lastKnownFileType = folder.assetcatalog; path = Assets.xcassets; sourceTree = "<group>"; };
		B63EFA6A28AD5C1F0054BBC8 /* Base */ = {isa = PBXFileReference; lastKnownFileType = file.storyboard; name = Base; path = Base.lproj/LaunchScreen.storyboard; sourceTree = "<group>"; };
		B63EFA6C28AD5C1F0054BBC8 /* Info.plist */ = {isa = PBXFileReference; lastKnownFileType = text.plist.xml; path = Info.plist; sourceTree = "<group>"; };
		B63EFA7128AD5C1F0054BBC8 /* PreworkTests.xctest */ = {isa = PBXFileReference; explicitFileType = wrapper.cfbundle; includeInIndex = 0; path = PreworkTests.xctest; sourceTree = BUILT_PRODUCTS_DIR; };
		B63EFA7528AD5C1F0054BBC8 /* PreworkTests.swift */ = {isa = PBXFileReference; lastKnownFileType = sourcecode.swift; path = PreworkTests.swift; sourceTree = "<group>"; };
		B63EFA7B28AD5C1F0054BBC8 /* PreworkUITests.xctest */ = {isa = PBXFileReference; explicitFileType = wrapper.cfbundle; includeInIndex = 0; path = PreworkUITests.xctest; sourceTree = BUILT_PRODUCTS_DIR; };
		B63EFA7F28AD5C1F0054BBC8 /* PreworkUITests.swift */ = {isa = PBXFileReference; lastKnownFileType = sourcecode.swift; path = PreworkUITests.swift; sourceTree = "<group>"; };
		B63EFA8128AD5C1F0054BBC8 /* PreworkUITestsLaunchTests.swift */ = {isa = PBXFileReference; lastKnownFileType = sourcecode.swift; path = PreworkUITestsLaunchTests.swift; sourceTree = "<group>"; };
/* End PBXFileReference section */

/* Begin PBXFrameworksBuildPhase section */
		B63EFA5828AD5C190054BBC8 /* Frameworks */ = {
			isa = PBXFrameworksBuildPhase;
			buildActionMask = 2147483647;
			files = (
			);
			runOnlyForDeploymentPostprocessing = 0;
		};
		B63EFA6E28AD5C1F0054BBC8 /* Frameworks */ = {
			isa = PBXFrameworksBuildPhase;
			buildActionMask = 2147483647;
			files = (
			);
			runOnlyForDeploymentPostprocessing = 0;
		};
		B63EFA7828AD5C1F0054BBC8 /* Frameworks */ = {
			isa = PBXFrameworksBuildPhase;
			buildActionMask = 2147483647;
			files = (
			);
			runOnlyForDeploymentPostprocessing = 0;
		};
/* End PBXFrameworksBuildPhase section */

/* Begin PBXGroup section */
		B63EFA5228AD5C190054BBC8 = {
			isa = PBXGroup;
			children = (
				B63EFA5D28AD5C190054BBC8 /* Prework */,
				B63EFA7428AD5C1F0054BBC8 /* PreworkTests */,
				B63EFA7E28AD5C1F0054BBC8 /* PreworkUITests */,
				B63EFA5C28AD5C190054BBC8 /* Products */,
			);
			sourceTree = "<group>";
		};
		B63EFA5C28AD5C190054BBC8 /* Products */ = {
			isa = PBXGroup;
			children = (
				B63EFA5B28AD5C190054BBC8 /* Prework.app */,
				B63EFA7128AD5C1F0054BBC8 /* PreworkTests.xctest */,
				B63EFA7B28AD5C1F0054BBC8 /* PreworkUITests.xctest */,
			);
			name = Products;
			sourceTree = "<group>";
		};
		B63EFA5D28AD5C190054BBC8 /* Prework */ = {
			isa = PBXGroup;
			children = (
				B63EFA5E28AD5C190054BBC8 /* AppDelegate.swift */,
				B63EFA6028AD5C190054BBC8 /* SceneDelegate.swift */,
				B63EFA6228AD5C190054BBC8 /* ViewController.swift */,
				B63EFA6428AD5C1A0054BBC8 /* Main.storyboard */,
				B63EFA6728AD5C1F0054BBC8 /* Assets.xcassets */,
				B63EFA6928AD5C1F0054BBC8 /* LaunchScreen.storyboard */,
				B63EFA6C28AD5C1F0054BBC8 /* Info.plist */,
			);
			path = Prework;
			sourceTree = "<group>";
		};
		B63EFA7428AD5C1F0054BBC8 /* PreworkTests */ = {
			isa = PBXGroup;
			children = (
				B63EFA7528AD5C1F0054BBC8 /* PreworkTests.swift */,
			);
			path = PreworkTests;
			sourceTree = "<group>";
		};
		B63EFA7E28AD5C1F0054BBC8 /* PreworkUITests */ = {
			isa = PBXGroup;
			children = (
				B63EFA7F28AD5C1F0054BBC8 /* PreworkUITests.swift */,
				B63EFA8128AD5C1F0054BBC8 /* PreworkUITestsLaunchTests.swift */,
			);
			path = PreworkUITests;
			sourceTree = "<group>";
		};
/* End PBXGroup section */

/* Begin PBXNativeTarget section */
		B63EFA5A28AD5C190054BBC8 /* Prework */ = {
			isa = PBXNativeTarget;
			buildConfigurationList = B63EFA8528AD5C1F0054BBC8 /* Build configuration list for PBXNativeTarget "Prework" */;
			buildPhases = (
				B63EFA5728AD5C190054BBC8 /* Sources */,
				B63EFA5828AD5C190054BBC8 /* Frameworks */,
				B63EFA5928AD5C190054BBC8 /* Resources */,
			);
			buildRules = (
			);
			dependencies = (
			);
			name = Prework;
			productName = Prework;
			productReference = B63EFA5B28AD5C190054BBC8 /* Prework.app */;
			productType = "com.apple.product-type.application";
		};
		B63EFA7028AD5C1F0054BBC8 /* PreworkTests */ = {
			isa = PBXNativeTarget;
			buildConfigurationList = B63EFA8828AD5C1F0054BBC8 /* Build configuration list for PBXNativeTarget "PreworkTests" */;
			buildPhases = (
				B63EFA6D28AD5C1F0054BBC8 /* Sources */,
				B63EFA6E28AD5C1F0054BBC8 /* Frameworks */,
				B63EFA6F28AD5C1F0054BBC8 /* Resources */,
			);
			buildRules = (
			);
			dependencies = (
				B63EFA7328AD5C1F0054BBC8 /* PBXTargetDependency */,
			);
			name = PreworkTests;
			productName = PreworkTests;
			productReference = B63EFA7128AD5C1F0054BBC8 /* PreworkTests.xctest */;
			productType = "com.apple.product-type.bundle.unit-test";
		};
		B63EFA7A28AD5C1F0054BBC8 /* PreworkUITests */ = {
			isa = PBXNativeTarget;
			buildConfigurationList = B63EFA8B28AD5C1F0054BBC8 /* Build configuration list for PBXNativeTarget "PreworkUITests" */;
			buildPhases = (
				B63EFA7728AD5C1F0054BBC8 /* Sources */,
				B63EFA7828AD5C1F0054BBC8 /* Frameworks */,
				B63EFA7928AD5C1F0054BBC8 /* Resources */,
			);
			buildRules = (
			);
			dependencies = (
				B63EFA7D28AD5C1F0054BBC8 /* PBXTargetDependency */,
			);
			name = PreworkUITests;
			productName = PreworkUITests;
			productReference = B63EFA7B28AD5C1F0054BBC8 /* PreworkUITests.xctest */;
			productType = "com.apple.product-type.bundle.ui-testing";
		};
/* End PBXNativeTarget section */

/* Begin PBXProject section */
		B63EFA5328AD5C190054BBC8 /* Project object */ = {
			isa = PBXProject;
			attributes = {
				BuildIndependentTargetsInParallel = 1;
				LastSwiftUpdateCheck = 1340;
				LastUpgradeCheck = 1340;
				TargetAttributes = {
					B63EFA5A28AD5C190054BBC8 = {
						CreatedOnToolsVersion = 13.4.1;
					};
					B63EFA7028AD5C1F0054BBC8 = {
						CreatedOnToolsVersion = 13.4.1;
						TestTargetID = B63EFA5A28AD5C190054BBC8;
					};
					B63EFA7A28AD5C1F0054BBC8 = {
						CreatedOnToolsVersion = 13.4.1;
						TestTargetID = B63EFA5A28AD5C190054BBC8;
					};
				};
			};
			buildConfigurationList = B63EFA5628AD5C190054BBC8 /* Build configuration list for PBXProject "Prework" */;
			compatibilityVersion = "Xcode 13.0";
			developmentRegion = en;
			hasScannedForEncodings = 0;
			knownRegions = (
				en,
				Base,
			);
			mainGroup = B63EFA5228AD5C190054BBC8;
			productRefGroup = B63EFA5C28AD5C190054BBC8 /* Products */;
			projectDirPath = "";
			projectRoot = "";
			targets = (
				B63EFA5A28AD5C190054BBC8 /* Prework */,
				B63EFA7028AD5C1F0054BBC8 /* PreworkTests */,
				B63EFA7A28AD5C1F0054BBC8 /* PreworkUITests */,
			);
		};
/* End PBXProject section */

/* Begin PBXResourcesBuildPhase section */
		B63EFA5928AD5C190054BBC8 /* Resources */ = {
			isa = PBXResourcesBuildPhase;
			buildActionMask = 2147483647;
			files = (
				B63EFA6B28AD5C1F0054BBC8 /* LaunchScreen.storyboard in Resources */,
				B63EFA6828AD5C1F0054BBC8 /* Assets.xcassets in Resources */,
				B63EFA6628AD5C1A0054BBC8 /* Main.storyboard in Resources */,
			);
			runOnlyForDeploymentPostprocessing = 0;
		};
		B63EFA6F28AD5C1F0054BBC8 /* Resources */ = {
			isa = PBXResourcesBuildPhase;
			buildActionMask = 2147483647;
			files = (
			);
			runOnlyForDeploymentPostprocessing = 0;
		};
		B63EFA7928AD5C1F0054BBC8 /* Resources */ = {
			isa = PBXResourcesBuildPhase;
			buildActionMask = 2147483647;
			files = (
			);
			runOnlyForDeploymentPostprocessing = 0;
		};
/* End PBXResourcesBuildPhase section */

/* Begin PBXSourcesBuildPhase section */
		B63EFA5728AD5C190054BBC8 /* Sources */ = {
			isa = PBXSourcesBuildPhase;
			buildActionMask = 2147483647;
			files = (
				B63EFA6328AD5C190054BBC8 /* ViewController.swift in Sources */,
				B63EFA5F28AD5C190054BBC8 /* AppDelegate.swift in Sources */,
				B63EFA6128AD5C190054BBC8 /* SceneDelegate.swift in Sources */,
			);
			runOnlyForDeploymentPostprocessing = 0;
		};
		B63EFA6D28AD5C1F0054BBC8 /* Sources */ = {
			isa = PBXSourcesBuildPhase;
			buildActionMask = 2147483647;
			files = (
				B63EFA7628AD5C1F0054BBC8 /* PreworkTests.swift in Sources */,
			);
			runOnlyForDeploymentPostprocessing = 0;
		};
		B63EFA7728AD5C1F0054BBC8 /* Sources */ = {
			isa = PBXSourcesBuildPhase;
			buildActionMask = 2147483647;
			files = (
				B63EFA8028AD5C1F0054BBC8 /* PreworkUITests.swift in Sources */,
				B63EFA8228AD5C1F0054BBC8 /* PreworkUITestsLaunchTests.swift in Sources */,
			);
			runOnlyForDeploymentPostprocessing = 0;
		};
/* End PBXSourcesBuildPhase section */

/* Begin PBXTargetDependency section */
		B63EFA7328AD5C1F0054BBC8 /* PBXTargetDependency */ = {
			isa = PBXTargetDependency;
			target = B63EFA5A28AD5C190054BBC8 /* Prework */;
			targetProxy = B63EFA7228AD5C1F0054BBC8 /* PBXContainerItemProxy */;
		};
		B63EFA7D28AD5C1F0054BBC8 /* PBXTargetDependency */ = {
			isa = PBXTargetDependency;
			target = B63EFA5A28AD5C190054BBC8 /* Prework */;
			targetProxy = B63EFA7C28AD5C1F0054BBC8 /* PBXContainerItemProxy */;
		};
/* End PBXTargetDependency section */

/* Begin PBXVariantGroup section */
		B63EFA6428AD5C1A0054BBC8 /* Main.storyboard */ = {
			isa = PBXVariantGroup;
			children = (
				B63EFA6528AD5C1A0054BBC8 /* Base */,
			);
			name = Main.storyboard;
			sourceTree = "<group>";
		};
		B63EFA6928AD5C1F0054BBC8 /* LaunchScreen.storyboard */ = {
			isa = PBXVariantGroup;
			children = (
				B63EFA6A28AD5C1F0054BBC8 /* Base */,
			);
			name = LaunchScreen.storyboard;
			sourceTree = "<group>";
		};
/* End PBXVariantGroup section */

/* Begin XCBuildConfiguration section */
		B63EFA8328AD5C1F0054BBC8 /* Debug */ = {
			isa = XCBuildConfiguration;
			buildSettings = {
				ALWAYS_SEARCH_USER_PATHS = NO;
				CLANG_ANALYZER_NONNULL = YES;
				CLANG_ANALYZER_NUMBER_OBJECT_CONVERSION = YES_AGGRESSIVE;
				CLANG_CXX_LANGUAGE_STANDARD = "gnu++17";
				CLANG_ENABLE_MODULES = YES;
				CLANG_ENABLE_OBJC_ARC = YES;
				CLANG_ENABLE_OBJC_WEAK = YES;
				CLANG_WARN_BLOCK_CAPTURE_AUTORELEASING = YES;
				CLANG_WARN_BOOL_CONVERSION = YES;
				CLANG_WARN_COMMA = YES;
				CLANG_WARN_CONSTANT_CONVERSION = YES;
				CLANG_WARN_DEPRECATED_OBJC_IMPLEMENTATIONS = YES;
				CLANG_WARN_DIRECT_OBJC_ISA_USAGE = YES_ERROR;
				CLANG_WARN_DOCUMENTATION_COMMENTS = YES;
				CLANG_WARN_EMPTY_BODY = YES;
				CLANG_WARN_ENUM_CONVERSION = YES;
				CLANG_WARN_INFINITE_RECURSION = YES;
				CLANG_WARN_INT_CONVERSION = YES;
				CLANG_WARN_NON_LITERAL_NULL_CONVERSION = YES;
				CLANG_WARN_OBJC_IMPLICIT_RETAIN_SELF = YES;
				CLANG_WARN_OBJC_LITERAL_CONVERSION = YES;
				CLANG_WARN_OBJC_ROOT_CLASS = YES_ERROR;
				CLANG_WARN_QUOTED_INCLUDE_IN_FRAMEWORK_HEADER = YES;
				CLANG_WARN_RANGE_LOOP_ANALYSIS = YES;
				CLANG_WARN_STRICT_PROTOTYPES = YES;
				CLANG_WARN_SUSPICIOUS_MOVE = YES;
				CLANG_WARN_UNGUARDED_AVAILABILITY = YES_AGGRESSIVE;
				CLANG_WARN_UNREACHABLE_CODE = YES;
				CLANG_WARN__DUPLICATE_METHOD_MATCH = YES;
				COPY_PHASE_STRIP = NO;
				DEBUG_INFORMATION_FORMAT = dwarf;
				ENABLE_STRICT_OBJC_MSGSEND = YES;
				ENABLE_TESTABILITY = YES;
				GCC_C_LANGUAGE_STANDARD = gnu11;
				GCC_DYNAMIC_NO_PIC = NO;
				GCC_NO_COMMON_BLOCKS = YES;
				GCC_OPTIMIZATION_LEVEL = 0;
				GCC_PREPROCESSOR_DEFINITIONS = (
					"DEBUG=1",
					"$(inherited)",
				);
				GCC_WARN_64_TO_32_BIT_CONVERSION = YES;
				GCC_WARN_ABOUT_RETURN_TYPE = YES_ERROR;
				GCC_WARN_UNDECLARED_SELECTOR = YES;
				GCC_WARN_UNINITIALIZED_AUTOS = YES_AGGRESSIVE;
				GCC_WARN_UNUSED_FUNCTION = YES;
				GCC_WARN_UNUSED_VARIABLE = YES;
				IPHONEOS_DEPLOYMENT_TARGET = 15.5;
				MTL_ENABLE_DEBUG_INFO = INCLUDE_SOURCE;
				MTL_FAST_MATH = YES;
				ONLY_ACTIVE_ARCH = YES;
				SDKROOT = iphoneos;
				SWIFT_ACTIVE_COMPILATION_CONDITIONS = DEBUG;
				SWIFT_OPTIMIZATION_LEVEL = "-Onone";
			};
			name = Debug;
		};
		B63EFA8428AD5C1F0054BBC8 /* Release */ = {
			isa = XCBuildConfiguration;
			buildSettings = {
				ALWAYS_SEARCH_USER_PATHS = NO;
				CLANG_ANALYZER_NONNULL = YES;
				CLANG_ANALYZER_NUMBER_OBJECT_CONVERSION = YES_AGGRESSIVE;
				CLANG_CXX_LANGUAGE_STANDARD = "gnu++17";
				CLANG_ENABLE_MODULES = YES;
				CLANG_ENABLE_OBJC_ARC = YES;
				CLANG_ENABLE_OBJC_WEAK = YES;
				CLANG_WARN_BLOCK_CAPTURE_AUTORELEASING = YES;
				CLANG_WARN_BOOL_CONVERSION = YES;
				CLANG_WARN_COMMA = YES;
				CLANG_WARN_CONSTANT_CONVERSION = YES;
				CLANG_WARN_DEPRECATED_OBJC_IMPLEMENTATIONS = YES;
				CLANG_WARN_DIRECT_OBJC_ISA_USAGE = YES_ERROR;
				CLANG_WARN_DOCUMENTATION_COMMENTS = YES;
				CLANG_WARN_EMPTY_BODY = YES;
				CLANG_WARN_ENUM_CONVERSION = YES;
				CLANG_WARN_INFINITE_RECURSION = YES;
				CLANG_WARN_INT_CONVERSION = YES;
				CLANG_WARN_NON_LITERAL_NULL_CONVERSION = YES;
				CLANG_WARN_OBJC_IMPLICIT_RETAIN_SELF = YES;
				CLANG_WARN_OBJC_LITERAL_CONVERSION = YES;
				CLANG_WARN_OBJC_ROOT_CLASS = YES_ERROR;
				CLANG_WARN_QUOTED_INCLUDE_IN_FRAMEWORK_HEADER = YES;
				CLANG_WARN_RANGE_LOOP_ANALYSIS = YES;
				CLANG_WARN_STRICT_PROTOTYPES = YES;
				CLANG_WARN_SUSPICIOUS_MOVE = YES;
				CLANG_WARN_UNGUARDED_AVAILABILITY = YES_AGGRESSIVE;
				CLANG_WARN_UNREACHABLE_CODE = YES;
				CLANG_WARN__DUPLICATE_METHOD_MATCH = YES;
				COPY_PHASE_STRIP = NO;
				DEBUG_INFORMATION_FORMAT = "dwarf-with-dsym";
				ENABLE_NS_ASSERTIONS = NO;
				ENABLE_STRICT_OBJC_MSGSEND = YES;
				GCC_C_LANGUAGE_STANDARD = gnu11;
				GCC_NO_COMMON_BLOCKS = YES;
				GCC_WARN_64_TO_32_BIT_CONVERSION = YES;
				GCC_WARN_ABOUT_RETURN_TYPE = YES_ERROR;
				GCC_WARN_UNDECLARED_SELECTOR = YES;
				GCC_WARN_UNINITIALIZED_AUTOS = YES_AGGRESSIVE;
				GCC_WARN_UNUSED_FUNCTION = YES;
				GCC_WARN_UNUSED_VARIABLE = YES;
				IPHONEOS_DEPLOYMENT_TARGET = 15.5;
				MTL_ENABLE_DEBUG_INFO = NO;
				MTL_FAST_MATH = YES;
				SDKROOT = iphoneos;
				SWIFT_COMPILATION_MODE = wholemodule;
				SWIFT_OPTIMIZATION_LEVEL = "-O";
				VALIDATE_PRODUCT = YES;
			};
			name = Release;
		};
		B63EFA8628AD5C1F0054BBC8 /* Debug */ = {
			isa = XCBuildConfiguration;
			buildSettings = {
				ASSETCATALOG_COMPILER_APPICON_NAME = AppIcon;
				ASSETCATALOG_COMPILER_GLOBAL_ACCENT_COLOR_NAME = AccentColor;
				CODE_SIGN_STYLE = Automatic;
				CURRENT_PROJECT_VERSION = 1;
				GENERATE_INFOPLIST_FILE = YES;
				INFOPLIST_FILE = Prework/Info.plist;
				INFOPLIST_KEY_UIApplicationSupportsIndirectInputEvents = YES;
				INFOPLIST_KEY_UILaunchStoryboardName = LaunchScreen;
				INFOPLIST_KEY_UIMainStoryboardFile = Main;
				INFOPLIST_KEY_UISupportedInterfaceOrientations_iPad = "UIInterfaceOrientationPortrait UIInterfaceOrientationPortraitUpsideDown UIInterfaceOrientationLandscapeLeft UIInterfaceOrientationLandscapeRight";
				INFOPLIST_KEY_UISupportedInterfaceOrientations_iPhone = "UIInterfaceOrientationPortrait UIInterfaceOrientationLandscapeLeft UIInterfaceOrientationLandscapeRight";
				LD_RUNPATH_SEARCH_PATHS = (
					"$(inherited)",
					"@executable_path/Frameworks",
				);
				MARKETING_VERSION = 1.0;
				PRODUCT_BUNDLE_IDENTIFIER = memo.com.Prework;
				PRODUCT_NAME = "$(TARGET_NAME)";
				SWIFT_EMIT_LOC_STRINGS = YES;
				SWIFT_VERSION = 5.0;
				TARGETED_DEVICE_FAMILY = "1,2";
			};
			name = Debug;
		};
		B63EFA8728AD5C1F0054BBC8 /* Release */ = {
			isa = XCBuildConfiguration;
			buildSettings = {
				ASSETCATALOG_COMPILER_APPICON_NAME = AppIcon;
				ASSETCATALOG_COMPILER_GLOBAL_ACCENT_COLOR_NAME = AccentColor;
				CODE_SIGN_STYLE = Automatic;
				CURRENT_PROJECT_VERSION = 1;
				GENERATE_INFOPLIST_FILE = YES;
				INFOPLIST_FILE = Prework/Info.plist;
				INFOPLIST_KEY_UIApplicationSupportsIndirectInputEvents = YES;
				INFOPLIST_KEY_UILaunchStoryboardName = LaunchScreen;
				INFOPLIST_KEY_UIMainStoryboardFile = Main;
				INFOPLIST_KEY_UISupportedInterfaceOrientations_iPad = "UIInterfaceOrientationPortrait UIInterfaceOrientationPortraitUpsideDown UIInterfaceOrientationLandscapeLeft UIInterfaceOrientationLandscapeRight";
				INFOPLIST_KEY_UISupportedInterfaceOrientations_iPhone = "UIInterfaceOrientationPortrait UIInterfaceOrientationLandscapeLeft UIInterfaceOrientationLandscapeRight";
				LD_RUNPATH_SEARCH_PATHS = (
					"$(inherited)",
					"@executable_path/Frameworks",
				);
				MARKETING_VERSION = 1.0;
				PRODUCT_BUNDLE_IDENTIFIER = memo.com.Prework;
				PRODUCT_NAME = "$(TARGET_NAME)";
				SWIFT_EMIT_LOC_STRINGS = YES;
				SWIFT_VERSION = 5.0;
				TARGETED_DEVICE_FAMILY = "1,2";
			};
			name = Release;
		};
		B63EFA8928AD5C1F0054BBC8 /* Debug */ = {
			isa = XCBuildConfiguration;
			buildSettings = {
				ALWAYS_EMBED_SWIFT_STANDARD_LIBRARIES = YES;
				BUNDLE_LOADER = "$(TEST_HOST)";
				CODE_SIGN_STYLE = Automatic;
				CURRENT_PROJECT_VERSION = 1;
				GENERATE_INFOPLIST_FILE = YES;
				IPHONEOS_DEPLOYMENT_TARGET = 15.5;
				MARKETING_VERSION = 1.0;
				PRODUCT_BUNDLE_IDENTIFIER = memo.com.PreworkTests;
				PRODUCT_NAME = "$(TARGET_NAME)";
				SWIFT_EMIT_LOC_STRINGS = NO;
				SWIFT_VERSION = 5.0;
				TARGETED_DEVICE_FAMILY = "1,2";
				TEST_HOST = "$(BUILT_PRODUCTS_DIR)/Prework.app/Prework";
			};
			name = Debug;
		};
		B63EFA8A28AD5C1F0054BBC8 /* Release */ = {
			isa = XCBuildConfiguration;
			buildSettings = {
				ALWAYS_EMBED_SWIFT_STANDARD_LIBRARIES = YES;
				BUNDLE_LOADER = "$(TEST_HOST)";
				CODE_SIGN_STYLE = Automatic;
				CURRENT_PROJECT_VERSION = 1;
				GENERATE_INFOPLIST_FILE = YES;
				IPHONEOS_DEPLOYMENT_TARGET = 15.5;
				MARKETING_VERSION = 1.0;
				PRODUCT_BUNDLE_IDENTIFIER = memo.com.PreworkTests;
				PRODUCT_NAME = "$(TARGET_NAME)";
				SWIFT_EMIT_LOC_STRINGS = NO;
				SWIFT_VERSION = 5.0;
				TARGETED_DEVICE_FAMILY = "1,2";
				TEST_HOST = "$(BUILT_PRODUCTS_DIR)/Prework.app/Prework";
			};
			name = Release;
		};
		B63EFA8C28AD5C1F0054BBC8 /* Debug */ = {
			isa = XCBuildConfiguration;
			buildSettings = {
				ALWAYS_EMBED_SWIFT_STANDARD_LIBRARIES = YES;
				CODE_SIGN_STYLE = Automatic;
				CURRENT_PROJECT_VERSION = 1;
				GENERATE_INFOPLIST_FILE = YES;
				MARKETING_VERSION = 1.0;
				PRODUCT_BUNDLE_IDENTIFIER = memo.com.PreworkUITests;
				PRODUCT_NAME = "$(TARGET_NAME)";
				SWIFT_EMIT_LOC_STRINGS = NO;
				SWIFT_VERSION = 5.0;
				TARGETED_DEVICE_FAMILY = "1,2";
				TEST_TARGET_NAME = Prework;
			};
			name = Debug;
		};
		B63EFA8D28AD5C1F0054BBC8 /* Release */ = {
			isa = XCBuildConfiguration;
			buildSettings = {
				ALWAYS_EMBED_SWIFT_STANDARD_LIBRARIES = YES;
				CODE_SIGN_STYLE = Automatic;
				CURRENT_PROJECT_VERSION = 1;
				GENERATE_INFOPLIST_FILE = YES;
				MARKETING_VERSION = 1.0;
				PRODUCT_BUNDLE_IDENTIFIER = memo.com.PreworkUITests;
				PRODUCT_NAME = "$(TARGET_NAME)";
				SWIFT_EMIT_LOC_STRINGS = NO;
				SWIFT_VERSION = 5.0;
				TARGETED_DEVICE_FAMILY = "1,2";
				TEST_TARGET_NAME = Prework;
			};
			name = Release;
		};
/* End XCBuildConfiguration section */

/* Begin XCConfigurationList section */
		B63EFA5628AD5C190054BBC8 /* Build configuration list for PBXProject "Prework" */ = {
			isa = XCConfigurationList;
			buildConfigurations = (
				B63EFA8328AD5C1F0054BBC8 /* Debug */,
				B63EFA8428AD5C1F0054BBC8 /* Release */,
			);
			defaultConfigurationIsVisible = 0;
			defaultConfigurationName = Release;
		};
		B63EFA8528AD5C1F0054BBC8 /* Build configuration list for PBXNativeTarget "Prework" */ = {
			isa = XCConfigurationList;
			buildConfigurations = (
				B63EFA8628AD5C1F0054BBC8 /* Debug */,
				B63EFA8728AD5C1F0054BBC8 /* Release */,
			);
			defaultConfigurationIsVisible = 0;
			defaultConfigurationName = Release;
		};
		B63EFA8828AD5C1F0054BBC8 /* Build configuration list for PBXNativeTarget "PreworkTests" */ = {
			isa = XCConfigurationList;
			buildConfigurations = (
				B63EFA8928AD5C1F0054BBC8 /* Debug */,
				B63EFA8A28AD5C1F0054BBC8 /* Release */,
			);
			defaultConfigurationIsVisible = 0;
			defaultConfigurationName = Release;
		};
		B63EFA8B28AD5C1F0054BBC8 /* Build configuration list for PBXNativeTarget "PreworkUITests" */ = {
			isa = XCConfigurationList;
			buildConfigurations = (
				B63EFA8C28AD5C1F0054BBC8 /* Debug */,
				B63EFA8D28AD5C1F0054BBC8 /* Release */,
			);
			defaultConfigurationIsVisible = 0;
			defaultConfigurationName = Release;
		};
/* End XCConfigurationList section */
	};
	rootObject = B63EFA5328AD5C190054BBC8 /* Project object */;
}
